
Microsoft Visual Studio Solution File, Format Version 12.00
# Visual Studio Version 16
VisualStudioVersion = 16.0.32929.386
MinimumVisualStudioVersion = 10.0.40219.1
Project("{F184B08F-C81C-45F6-A57F-5ABD9991F28F}") = "Masterpage", "Masterpage\Masterpage.vbproj", "{2C41AA57-579A-4E2E-9D86-9626E7F0FBFD}"
EndProject
Global
	GlobalSection(SolutionConfigurationPlatforms) = preSolution
		Debug|Any CPU = Debug|Any CPU
		Release|Any CPU = Release|Any CPU
	EndGlobalSection
	GlobalSection(ProjectConfigurationPlatforms) = postSolution
		{2C41AA57-579A-4E2E-9D86-9626E7F0FBFD}.Debug|Any CPU.ActiveCfg = Debug|Any CPU
		{2C41AA57-579A-4E2E-9D86-9626E7F0FBFD}.Debug|Any CPU.Build.0 = Debug|Any CPU
		{2C41AA57-579A-4E2E-9D86-9626E7F0FBFD}.Release|Any CPU.ActiveCfg = Release|Any CPU
		{2C41AA57-579A-4E2E-9D86-9626E7F0FBFD}.Release|Any CPU.Build.0 = Release|Any CPU
	EndGlobalSection
	GlobalSection(SolutionProperties) = preSolution
		HideSolutionNode = FALSE
	EndGlobalSection
	GlobalSection(ExtensibilityGlobals) = postSolution
		SolutionGuid = {72EDA014-D67D-4A05-B48C-A58B4231D407}
	EndGlobalSection
EndGlobal
